
Microsoft Visual Studio Solution File, Format Version 12.00
# Visual Studio 2013
VisualStudioVersion = 12.0.21005.1
MinimumVisualStudioVersion = 10.0.40219.1
Project("{F184B08F-C81C-45F6-A57F-5ABD9991F28F}") = "Biometria_LinkTic", "Biometria_LinkTic\Biometria_LinkTic.vbproj", "{D2D059E7-A757-497A-ADFE-27ECD8EA15E9}"
EndProject
Project("{F184B08F-C81C-45F6-A57F-5ABD9991F28F}") = "Prueba Activex", "Prueba Activex\Prueba Activex.vbproj", "{D3AF3D4C-F549-474A-8396-BC24ED13F98A}"
EndProject
Global
	GlobalSection(SolutionConfigurationPlatforms) = preSolution
		Debug|Any CPU = Debug|Any CPU
		Release|Any CPU = Release|Any CPU
	EndGlobalSection
	GlobalSection(ProjectConfigurationPlatforms) = postSolution
		{D2D059E7-A757-497A-ADFE-27ECD8EA15E9}.Debug|Any CPU.ActiveCfg = Debug|Any CPU
		{D2D059E7-A757-497A-ADFE-27ECD8EA15E9}.Debug|Any CPU.Build.0 = Debug|Any CPU
		{D2D059E7-A757-497A-ADFE-27ECD8EA15E9}.Release|Any CPU.ActiveCfg = Release|Any CPU
		{D2D059E7-A757-497A-ADFE-27ECD8EA15E9}.Release|Any CPU.Build.0 = Release|Any CPU
		{D3AF3D4C-F549-474A-8396-BC24ED13F98A}.Debug|Any CPU.ActiveCfg = Debug|Any CPU
		{D3AF3D4C-F549-474A-8396-BC24ED13F98A}.Debug|Any CPU.Build.0 = Debug|Any CPU
		{D3AF3D4C-F549-474A-8396-BC24ED13F98A}.Release|Any CPU.ActiveCfg = Release|Any CPU
		{D3AF3D4C-F549-474A-8396-BC24ED13F98A}.Release|Any CPU.Build.0 = Release|Any CPU
	EndGlobalSection
	GlobalSection(SolutionProperties) = preSolution
		HideSolutionNode = FALSE
	EndGlobalSection
EndGlobal
